// !$*UTF8*$!
{
	archiveVersion = 1;
	classes = {
	};
	objectVersion = 56;
	objects = {

/* Begin PBXBuildFile section */
		09EE75EA2A317E9F0048DA5A /* AppDelegate.swift in Sources */ = {isa = PBXBuildFile; fileRef = 09EE75E92A317E9F0048DA5A /* AppDelegate.swift */; };
		09EE75EC2A317E9F0048DA5A /* SceneDelegate.swift in Sources */ = {isa = PBXBuildFile; fileRef = 09EE75EB2A317E9F0048DA5A /* SceneDelegate.swift */; };
		09EE75EE2A317E9F0048DA5A /* ViewController.swift in Sources */ = {isa = PBXBuildFile; fileRef = 09EE75ED2A317E9F0048DA5A /* ViewController.swift */; };
		09EE75F42A317E9F0048DA5A /* ToDoList.xcdatamodeld in Sources */ = {isa = PBXBuildFile; fileRef = 09EE75F22A317E9F0048DA5A /* ToDoList.xcdatamodeld */; };
		09EE75F62A317EA00048DA5A /* Assets.xcassets in Resources */ = {isa = PBXBuildFile; fileRef = 09EE75F52A317EA00048DA5A /* Assets.xcassets */; };
		09EE75F92A317EA00048DA5A /* LaunchScreen.storyboard in Resources */ = {isa = PBXBuildFile; fileRef = 09EE75F72A317EA00048DA5A /* LaunchScreen.storyboard */; };
		09EE76042A317EA00048DA5A /* ToDoListTests.swift in Sources */ = {isa = PBXBuildFile; fileRef = 09EE76032A317EA00048DA5A /* ToDoListTests.swift */; };
		09EE760E2A317EA00048DA5A /* ToDoListUITests.swift in Sources */ = {isa = PBXBuildFile; fileRef = 09EE760D2A317EA00048DA5A /* ToDoListUITests.swift */; };
		09EE76102A317EA00048DA5A /* ToDoListUITestsLaunchTests.swift in Sources */ = {isa = PBXBuildFile; fileRef = 09EE760F2A317EA00048DA5A /* ToDoListUITestsLaunchTests.swift */; };
		09EE76252A31AE4E0048DA5A /* ToDoListModel.swift in Sources */ = {isa = PBXBuildFile; fileRef = 09EE76242A31AE4E0048DA5A /* ToDoListModel.swift */; };
		09EE76282A31B1BF0048DA5A /* TableViewDelegate.swift in Sources */ = {isa = PBXBuildFile; fileRef = 09EE76272A31B1BF0048DA5A /* TableViewDelegate.swift */; };
		09EE762A2A31B1CE0048DA5A /* TableViewDataSource.swift in Sources */ = {isa = PBXBuildFile; fileRef = 09EE76292A31B1CE0048DA5A /* TableViewDataSource.swift */; };
		09F3B9B22A38691A007A8860 /* ToDoList+CoreDataProperties.swift in Sources */ = {isa = PBXBuildFile; fileRef = 09F3B9B02A38691A007A8860 /* ToDoList+CoreDataProperties.swift */; };
		09F3B9B32A38691A007A8860 /* ToDoList+CoreDataClass.swift in Sources */ = {isa = PBXBuildFile; fileRef = 09F3B9B12A38691A007A8860 /* ToDoList+CoreDataClass.swift */; };
		0BD155A4B5EE3559EB03043F /* Pods_ToDoList.framework in Frameworks */ = {isa = PBXBuildFile; fileRef = 9B702340FA84B42DC934C596 /* Pods_ToDoList.framework */; };
/* End PBXBuildFile section */

/* Begin PBXContainerItemProxy section */
		09EE76002A317EA00048DA5A /* PBXContainerItemProxy */ = {
			isa = PBXContainerItemProxy;
			containerPortal = 09EE75DE2A317E9F0048DA5A /* Project object */;
			proxyType = 1;
			remoteGlobalIDString = 09EE75E52A317E9F0048DA5A;
			remoteInfo = ToDoList;
		};
		09EE760A2A317EA00048DA5A /* PBXContainerItemProxy */ = {
			isa = PBXContainerItemProxy;
			containerPortal = 09EE75DE2A317E9F0048DA5A /* Project object */;
			proxyType = 1;
			remoteGlobalIDString = 09EE75E52A317E9F0048DA5A;
			remoteInfo = ToDoList;
		};
/* End PBXContainerItemProxy section */

/* Begin PBXFileReference section */
		09916EC32A38219F00C6A6F4 /* ToDoList */ = {isa = PBXFileReference; lastKnownFileType = folder; path = ToDoList; sourceTree = "<group>"; };
		09EE75E62A317E9F0048DA5A /* ToDoList.app */ = {isa = PBXFileReference; explicitFileType = wrapper.application; includeInIndex = 0; path = ToDoList.app; sourceTree = BUILT_PRODUCTS_DIR; };
		09EE75E92A317E9F0048DA5A /* AppDelegate.swift */ = {isa = PBXFileReference; lastKnownFileType = sourcecode.swift; path = AppDelegate.swift; sourceTree = "<group>"; };
		09EE75EB2A317E9F0048DA5A /* SceneDelegate.swift */ = {isa = PBXFileReference; lastKnownFileType = sourcecode.swift; path = SceneDelegate.swift; sourceTree = "<group>"; };
		09EE75ED2A317E9F0048DA5A /* ViewController.swift */ = {isa = PBXFileReference; lastKnownFileType = sourcecode.swift; path = ViewController.swift; sourceTree = "<group>"; };
		09EE75F32A317E9F0048DA5A /* ToDoList.xcdatamodel */ = {isa = PBXFileReference; lastKnownFileType = wrapper.xcdatamodel; path = ToDoList.xcdatamodel; sourceTree = "<group>"; };
		09EE75F52A317EA00048DA5A /* Assets.xcassets */ = {isa = PBXFileReference; lastKnownFileType = folder.assetcatalog; path = Assets.xcassets; sourceTree = "<group>"; };
		09EE75F82A317EA00048DA5A /* Base */ = {isa = PBXFileReference; lastKnownFileType = file.storyboard; name = Base; path = Base.lproj/LaunchScreen.storyboard; sourceTree = "<group>"; };
		09EE75FA2A317EA00048DA5A /* Info.plist */ = {isa = PBXFileReference; lastKnownFileType = text.plist.xml; path = Info.plist; sourceTree = "<group>"; };
		09EE75FF2A317EA00048DA5A /* ToDoListTests.xctest */ = {isa = PBXFileReference; explicitFileType = wrapper.cfbundle; includeInIndex = 0; path = ToDoListTests.xctest; sourceTree = BUILT_PRODUCTS_DIR; };
		09EE76032A317EA00048DA5A /* ToDoListTests.swift */ = {isa = PBXFileReference; lastKnownFileType = sourcecode.swift; path = ToDoListTests.swift; sourceTree = "<group>"; };
		09EE76092A317EA00048DA5A /* ToDoListUITests.xctest */ = {isa = PBXFileReference; explicitFileType = wrapper.cfbundle; includeInIndex = 0; path = ToDoListUITests.xctest; sourceTree = BUILT_PRODUCTS_DIR; };
		09EE760D2A317EA00048DA5A /* ToDoListUITests.swift */ = {isa = PBXFileReference; lastKnownFileType = sourcecode.swift; path = ToDoListUITests.swift; sourceTree = "<group>"; };
		09EE760F2A317EA00048DA5A /* ToDoListUITestsLaunchTests.swift */ = {isa = PBXFileReference; lastKnownFileType = sourcecode.swift; path = ToDoListUITestsLaunchTests.swift; sourceTree = "<group>"; };
		09EE76242A31AE4E0048DA5A /* ToDoListModel.swift */ = {isa = PBXFileReference; lastKnownFileType = sourcecode.swift; path = ToDoListModel.swift; sourceTree = "<group>"; };
		09EE76272A31B1BF0048DA5A /* TableViewDelegate.swift */ = {isa = PBXFileReference; lastKnownFileType = sourcecode.swift; path = TableViewDelegate.swift; sourceTree = "<group>"; };
		09EE76292A31B1CE0048DA5A /* TableViewDataSource.swift */ = {isa = PBXFileReference; lastKnownFileType = sourcecode.swift; path = TableViewDataSource.swift; sourceTree = "<group>"; };
		09F3B9B02A38691A007A8860 /* ToDoList+CoreDataProperties.swift */ = {isa = PBXFileReference; fileEncoding = 4; lastKnownFileType = sourcecode.swift; path = "ToDoList+CoreDataProperties.swift"; sourceTree = "<group>"; };
		09F3B9B12A38691A007A8860 /* ToDoList+CoreDataClass.swift */ = {isa = PBXFileReference; fileEncoding = 4; lastKnownFileType = sourcecode.swift; path = "ToDoList+CoreDataClass.swift"; sourceTree = "<group>"; };
		0D9092112D817EEC4310E3D0 /* Pods-ToDoList.debug.xcconfig */ = {isa = PBXFileReference; includeInIndex = 1; lastKnownFileType = text.xcconfig; name = "Pods-ToDoList.debug.xcconfig"; path = "Target Support Files/Pods-ToDoList/Pods-ToDoList.debug.xcconfig"; sourceTree = "<group>"; };
		9B702340FA84B42DC934C596 /* Pods_ToDoList.framework */ = {isa = PBXFileReference; explicitFileType = wrapper.framework; includeInIndex = 0; path = Pods_ToDoList.framework; sourceTree = BUILT_PRODUCTS_DIR; };
		AC45FD85AF999704D4DEE03D /* Pods-ToDoList.release.xcconfig */ = {isa = PBXFileReference; includeInIndex = 1; lastKnownFileType = text.xcconfig; name = "Pods-ToDoList.release.xcconfig"; path = "Target Support Files/Pods-ToDoList/Pods-ToDoList.release.xcconfig"; sourceTree = "<group>"; };
/* End PBXFileReference section */

/* Begin PBXFrameworksBuildPhase section */
		09EE75E32A317E9F0048DA5A /* Frameworks */ = {
			isa = PBXFrameworksBuildPhase;
			buildActionMask = 2147483647;
			files = (
				0BD155A4B5EE3559EB03043F /* Pods_ToDoList.framework in Frameworks */,
			);
			runOnlyForDeploymentPostprocessing = 0;
		};
		09EE75FC2A317EA00048DA5A /* Frameworks */ = {
			isa = PBXFrameworksBuildPhase;
			buildActionMask = 2147483647;
			files = (
			);
			runOnlyForDeploymentPostprocessing = 0;
		};
		09EE76062A317EA00048DA5A /* Frameworks */ = {
			isa = PBXFrameworksBuildPhase;
			buildActionMask = 2147483647;
			files = (
			);
			runOnlyForDeploymentPostprocessing = 0;
		};
/* End PBXFrameworksBuildPhase section */

/* Begin PBXGroup section */
		09EE75DD2A317E9F0048DA5A = {
			isa = PBXGroup;
			children = (
				09EE75E82A317E9F0048DA5A /* ToDoList */,
				09916EC32A38219F00C6A6F4 /* ToDoList */,
				09EE76022A317EA00048DA5A /* ToDoListTests */,
				09EE760C2A317EA00048DA5A /* ToDoListUITests */,
				09EE75E72A317E9F0048DA5A /* Products */,
				AD159743C8B56C3FA2C28506 /* Pods */,
				4560F21DBBED7F79157D22A4 /* Frameworks */,
			);
			sourceTree = "<group>";
		};
		09EE75E72A317E9F0048DA5A /* Products */ = {
			isa = PBXGroup;
			children = (
				09EE75E62A317E9F0048DA5A /* ToDoList.app */,
				09EE75FF2A317EA00048DA5A /* ToDoListTests.xctest */,
				09EE76092A317EA00048DA5A /* ToDoListUITests.xctest */,
			);
			name = Products;
			sourceTree = "<group>";
		};
		09EE75E82A317E9F0048DA5A /* ToDoList */ = {
			isa = PBXGroup;
			children = (
				09EE761E2A3186990048DA5A /* Model */,
				09EE761D2A31868E0048DA5A /* Views */,
				09F3B9AB2A38675D007A8860 /* ToDoListItem */,
				09EE761F2A3186A00048DA5A /* Controller */,
				09EE761C2A3186880048DA5A /* Resources */,
				09EE76212A3187DF0048DA5A /* Storyboards */,
				09EE75FA2A317EA00048DA5A /* Info.plist */,
				09EE75F22A317E9F0048DA5A /* ToDoList.xcdatamodeld */,
			);
			path = ToDoList;
			sourceTree = "<group>";
		};
		09EE76022A317EA00048DA5A /* ToDoListTests */ = {
			isa = PBXGroup;
			children = (
				09EE76032A317EA00048DA5A /* ToDoListTests.swift */,
			);
			path = ToDoListTests;
			sourceTree = "<group>";
		};
		09EE760C2A317EA00048DA5A /* ToDoListUITests */ = {
			isa = PBXGroup;
			children = (
				09EE760D2A317EA00048DA5A /* ToDoListUITests.swift */,
				09EE760F2A317EA00048DA5A /* ToDoListUITestsLaunchTests.swift */,
			);
			path = ToDoListUITests;
			sourceTree = "<group>";
		};
		09EE761C2A3186880048DA5A /* Resources */ = {
			isa = PBXGroup;
			children = (
				09EE75E92A317E9F0048DA5A /* AppDelegate.swift */,
				09EE75EB2A317E9F0048DA5A /* SceneDelegate.swift */,
			);
			path = Resources;
			sourceTree = "<group>";
		};
		09EE761D2A31868E0048DA5A /* Views */ = {
			isa = PBXGroup;
			children = (
				09EE75F52A317EA00048DA5A /* Assets.xcassets */,
			);
			path = Views;
			sourceTree = "<group>";
		};
		09EE761E2A3186990048DA5A /* Model */ = {
			isa = PBXGroup;
			children = (
				09EE76242A31AE4E0048DA5A /* ToDoListModel.swift */,
			);
			path = Model;
			sourceTree = "<group>";
		};
		09EE761F2A3186A00048DA5A /* Controller */ = {
			isa = PBXGroup;
			children = (
				09EE76262A31B1B00048DA5A /* TableView */,
				09EE75ED2A317E9F0048DA5A /* ViewController.swift */,
			);
			path = Controller;
			sourceTree = "<group>";
		};
		09EE76212A3187DF0048DA5A /* Storyboards */ = {
			isa = PBXGroup;
			children = (
				09EE75F72A317EA00048DA5A /* LaunchScreen.storyboard */,
			);
			path = Storyboards;
			sourceTree = "<group>";
		};
		09EE76262A31B1B00048DA5A /* TableView */ = {
			isa = PBXGroup;
			children = (
				09EE76272A31B1BF0048DA5A /* TableViewDelegate.swift */,
				09EE76292A31B1CE0048DA5A /* TableViewDataSource.swift */,
			);
			path = TableView;
			sourceTree = "<group>";
		};
		09F3B9AB2A38675D007A8860 /* ToDoListItem */ = {
			isa = PBXGroup;
			children = (
				09F3B9B12A38691A007A8860 /* ToDoList+CoreDataClass.swift */,
				09F3B9B02A38691A007A8860 /* ToDoList+CoreDataProperties.swift */,
			);
			path = ToDoListItem;
			sourceTree = "<group>";
		};
		4560F21DBBED7F79157D22A4 /* Frameworks */ = {
			isa = PBXGroup;
			children = (
				9B702340FA84B42DC934C596 /* Pods_ToDoList.framework */,
			);
			name = Frameworks;
			sourceTree = "<group>";
		};
		AD159743C8B56C3FA2C28506 /* Pods */ = {
			isa = PBXGroup;
			children = (
				0D9092112D817EEC4310E3D0 /* Pods-ToDoList.debug.xcconfig */,
				AC45FD85AF999704D4DEE03D /* Pods-ToDoList.release.xcconfig */,
			);
			path = Pods;
			sourceTree = "<group>";
		};
/* End PBXGroup section */

/* Begin PBXNativeTarget section */
		09EE75E52A317E9F0048DA5A /* ToDoList */ = {
			isa = PBXNativeTarget;
			buildConfigurationList = 09EE76132A317EA00048DA5A /* Build configuration list for PBXNativeTarget "ToDoList" */;
			buildPhases = (
				BB990E7828345986EC3E8517 /* [CP] Check Pods Manifest.lock */,
				09EE75E22A317E9F0048DA5A /* Sources */,
				09EE75E32A317E9F0048DA5A /* Frameworks */,
				09EE75E42A317E9F0048DA5A /* Resources */,
				3FC0C2029E8F1DBD0B80FF97 /* [CP] Embed Pods Frameworks */,
			);
			buildRules = (
			);
			dependencies = (
			);
			name = ToDoList;
			productName = ToDoList;
			productReference = 09EE75E62A317E9F0048DA5A /* ToDoList.app */;
			productType = "com.apple.product-type.application";
		};
		09EE75FE2A317EA00048DA5A /* ToDoListTests */ = {
			isa = PBXNativeTarget;
			buildConfigurationList = 09EE76162A317EA00048DA5A /* Build configuration list for PBXNativeTarget "ToDoListTests" */;
			buildPhases = (
				09EE75FB2A317EA00048DA5A /* Sources */,
				09EE75FC2A317EA00048DA5A /* Frameworks */,
				09EE75FD2A317EA00048DA5A /* Resources */,
			);
			buildRules = (
			);
			dependencies = (
				09EE76012A317EA00048DA5A /* PBXTargetDependency */,
			);
			name = ToDoListTests;
			productName = ToDoListTests;
			productReference = 09EE75FF2A317EA00048DA5A /* ToDoListTests.xctest */;
			productType = "com.apple.product-type.bundle.unit-test";
		};
		09EE76082A317EA00048DA5A /* ToDoListUITests */ = {
			isa = PBXNativeTarget;
			buildConfigurationList = 09EE76192A317EA00048DA5A /* Build configuration list for PBXNativeTarget "ToDoListUITests" */;
			buildPhases = (
				09EE76052A317EA00048DA5A /* Sources */,
				09EE76062A317EA00048DA5A /* Frameworks */,
				09EE76072A317EA00048DA5A /* Resources */,
			);
			buildRules = (
			);
			dependencies = (
				09EE760B2A317EA00048DA5A /* PBXTargetDependency */,
			);
			name = ToDoListUITests;
			productName = ToDoListUITests;
			productReference = 09EE76092A317EA00048DA5A /* ToDoListUITests.xctest */;
			productType = "com.apple.product-type.bundle.ui-testing";
		};
/* End PBXNativeTarget section */

/* Begin PBXProject section */
		09EE75DE2A317E9F0048DA5A /* Project object */ = {
			isa = PBXProject;
			attributes = {
				BuildIndependentTargetsInParallel = 1;
				LastSwiftUpdateCheck = 1420;
				LastUpgradeCheck = 1420;
				TargetAttributes = {
					09EE75E52A317E9F0048DA5A = {
						CreatedOnToolsVersion = 14.2;
					};
					09EE75FE2A317EA00048DA5A = {
						CreatedOnToolsVersion = 14.2;
						TestTargetID = 09EE75E52A317E9F0048DA5A;
					};
					09EE76082A317EA00048DA5A = {
						CreatedOnToolsVersion = 14.2;
						TestTargetID = 09EE75E52A317E9F0048DA5A;
					};
				};
			};
			buildConfigurationList = 09EE75E12A317E9F0048DA5A /* Build configuration list for PBXProject "ToDoList" */;
			compatibilityVersion = "Xcode 14.0";
			developmentRegion = en;
			hasScannedForEncodings = 0;
			knownRegions = (
				en,
				Base,
			);
			mainGroup = 09EE75DD2A317E9F0048DA5A;
			productRefGroup = 09EE75E72A317E9F0048DA5A /* Products */;
			projectDirPath = "";
			projectRoot = "";
			targets = (
				09EE75E52A317E9F0048DA5A /* ToDoList */,
				09EE75FE2A317EA00048DA5A /* ToDoListTests */,
				09EE76082A317EA00048DA5A /* ToDoListUITests */,
			);
		};
/* End PBXProject section */

/* Begin PBXResourcesBuildPhase section */
		09EE75E42A317E9F0048DA5A /* Resources */ = {
			isa = PBXResourcesBuildPhase;
			buildActionMask = 2147483647;
			files = (
				09EE75F92A317EA00048DA5A /* LaunchScreen.storyboard in Resources */,
				09EE75F62A317EA00048DA5A /* Assets.xcassets in Resources */,
			);
			runOnlyForDeploymentPostprocessing = 0;
		};
		09EE75FD2A317EA00048DA5A /* Resources */ = {
			isa = PBXResourcesBuildPhase;
			buildActionMask = 2147483647;
			files = (
			);
			runOnlyForDeploymentPostprocessing = 0;
		};
		09EE76072A317EA00048DA5A /* Resources */ = {
			isa = PBXResourcesBuildPhase;
			buildActionMask = 2147483647;
			files = (
			);
			runOnlyForDeploymentPostprocessing = 0;
		};
/* End PBXResourcesBuildPhase section */

/* Begin PBXShellScriptBuildPhase section */
		3FC0C2029E8F1DBD0B80FF97 /* [CP] Embed Pods Frameworks */ = {
			isa = PBXShellScriptBuildPhase;
			buildActionMask = 2147483647;
			files = (
			);
			inputFileListPaths = (
				"${PODS_ROOT}/Target Support Files/Pods-ToDoList/Pods-ToDoList-frameworks-${CONFIGURATION}-input-files.xcfilelist",
			);
			name = "[CP] Embed Pods Frameworks";
			outputFileListPaths = (
				"${PODS_ROOT}/Target Support Files/Pods-ToDoList/Pods-ToDoList-frameworks-${CONFIGURATION}-output-files.xcfilelist",
			);
			runOnlyForDeploymentPostprocessing = 0;
			shellPath = /bin/sh;
			shellScript = "\"${PODS_ROOT}/Target Support Files/Pods-ToDoList/Pods-ToDoList-frameworks.sh\"\n";
			showEnvVarsInLog = 0;
		};
		BB990E7828345986EC3E8517 /* [CP] Check Pods Manifest.lock */ = {
			isa = PBXShellScriptBuildPhase;
			buildActionMask = 2147483647;
			files = (
			);
			inputFileListPaths = (
			);
			inputPaths = (
				"${PODS_PODFILE_DIR_PATH}/Podfile.lock",
				"${PODS_ROOT}/Manifest.lock",
			);
			name = "[CP] Check Pods Manifest.lock";
			outputFileListPaths = (
			);
			outputPaths = (
				"$(DERIVED_FILE_DIR)/Pods-ToDoList-checkManifestLockResult.txt",
			);
			runOnlyForDeploymentPostprocessing = 0;
			shellPath = /bin/sh;
			shellScript = "diff \"${PODS_PODFILE_DIR_PATH}/Podfile.lock\" \"${PODS_ROOT}/Manifest.lock\" > /dev/null\nif [ $? != 0 ] ; then\n    # print error to STDERR\n    echo \"error: The sandbox is not in sync with the Podfile.lock. Run 'pod install' or update your CocoaPods installation.\" >&2\n    exit 1\nfi\n# This output is used by Xcode 'outputs' to avoid re-running this script phase.\necho \"SUCCESS\" > \"${SCRIPT_OUTPUT_FILE_0}\"\n";
			showEnvVarsInLog = 0;
		};
/* End PBXShellScriptBuildPhase section */

/* Begin PBXSourcesBuildPhase section */
		09EE75E22A317E9F0048DA5A /* Sources */ = {
			isa = PBXSourcesBuildPhase;
			buildActionMask = 2147483647;
			files = (
				09EE75EE2A317E9F0048DA5A /* ViewController.swift in Sources */,
				09EE75EA2A317E9F0048DA5A /* AppDelegate.swift in Sources */,
				09EE75EC2A317E9F0048DA5A /* SceneDelegate.swift in Sources */,
				09F3B9B22A38691A007A8860 /* ToDoList+CoreDataProperties.swift in Sources */,
				09EE76252A31AE4E0048DA5A /* ToDoListModel.swift in Sources */,
				09EE76282A31B1BF0048DA5A /* TableViewDelegate.swift in Sources */,
				09EE762A2A31B1CE0048DA5A /* TableViewDataSource.swift in Sources */,
				09F3B9B32A38691A007A8860 /* ToDoList+CoreDataClass.swift in Sources */,
				09EE75F42A317E9F0048DA5A /* ToDoList.xcdatamodeld in Sources */,
			);
			runOnlyForDeploymentPostprocessing = 0;
		};
		09EE75FB2A317EA00048DA5A /* Sources */ = {
			isa = PBXSourcesBuildPhase;
			buildActionMask = 2147483647;
			files = (
				09EE76042A317EA00048DA5A /* ToDoListTests.swift in Sources */,
			);
			runOnlyForDeploymentPostprocessing = 0;
		};
		09EE76052A317EA00048DA5A /* Sources */ = {
			isa = PBXSourcesBuildPhase;
			buildActionMask = 2147483647;
			files = (
				09EE76102A317EA00048DA5A /* ToDoListUITestsLaunchTests.swift in Sources */,
				09EE760E2A317EA00048DA5A /* ToDoListUITests.swift in Sources */,
			);
			runOnlyForDeploymentPostprocessing = 0;
		};
/* End PBXSourcesBuildPhase section */

/* Begin PBXTargetDependency section */
		09EE76012A317EA00048DA5A /* PBXTargetDependency */ = {
			isa = PBXTargetDependency;
			target = 09EE75E52A317E9F0048DA5A /* ToDoList */;
			targetProxy = 09EE76002A317EA00048DA5A /* PBXContainerItemProxy */;
		};
		09EE760B2A317EA00048DA5A /* PBXTargetDependency */ = {
			isa = PBXTargetDependency;
			target = 09EE75E52A317E9F0048DA5A /* ToDoList */;
			targetProxy = 09EE760A2A317EA00048DA5A /* PBXContainerItemProxy */;
		};
/* End PBXTargetDependency section */

/* Begin PBXVariantGroup section */
		09EE75F72A317EA00048DA5A /* LaunchScreen.storyboard */ = {
			isa = PBXVariantGroup;
			children = (
				09EE75F82A317EA00048DA5A /* Base */,
			);
			name = LaunchScreen.storyboard;
			sourceTree = "<group>";
		};
/* End PBXVariantGroup section */

/* Begin XCBuildConfiguration section */
		09EE76112A317EA00048DA5A /* Debug */ = {
			isa = XCBuildConfiguration;
			buildSettings = {
				ALWAYS_SEARCH_USER_PATHS = NO;
				CLANG_ANALYZER_NONNULL = YES;
				CLANG_ANALYZER_NUMBER_OBJECT_CONVERSION = YES_AGGRESSIVE;
				CLANG_CXX_LANGUAGE_STANDARD = "gnu++20";
				CLANG_ENABLE_MODULES = YES;
				CLANG_ENABLE_OBJC_ARC = YES;
				CLANG_ENABLE_OBJC_WEAK = YES;
				CLANG_WARN_BLOCK_CAPTURE_AUTORELEASING = YES;
				CLANG_WARN_BOOL_CONVERSION = YES;
				CLANG_WARN_COMMA = YES;
				CLANG_WARN_CONSTANT_CONVERSION = YES;
				CLANG_WARN_DEPRECATED_OBJC_IMPLEMENTATIONS = YES;
				CLANG_WARN_DIRECT_OBJC_ISA_USAGE = YES_ERROR;
				CLANG_WARN_DOCUMENTATION_COMMENTS = YES;
				CLANG_WARN_EMPTY_BODY = YES;
				CLANG_WARN_ENUM_CONVERSION = YES;
				CLANG_WARN_INFINITE_RECURSION = YES;
				CLANG_WARN_INT_CONVERSION = YES;
				CLANG_WARN_NON_LITERAL_NULL_CONVERSION = YES;
				CLANG_WARN_OBJC_IMPLICIT_RETAIN_SELF = YES;
				CLANG_WARN_OBJC_LITERAL_CONVERSION = YES;
				CLANG_WARN_OBJC_ROOT_CLASS = YES_ERROR;
				CLANG_WARN_QUOTED_INCLUDE_IN_FRAMEWORK_HEADER = YES;
				CLANG_WARN_RANGE_LOOP_ANALYSIS = YES;
				CLANG_WARN_STRICT_PROTOTYPES = YES;
				CLANG_WARN_SUSPICIOUS_MOVE = YES;
				CLANG_WARN_UNGUARDED_AVAILABILITY = YES_AGGRESSIVE;
				CLANG_WARN_UNREACHABLE_CODE = YES;
				CLANG_WARN__DUPLICATE_METHOD_MATCH = YES;
				COPY_PHASE_STRIP = NO;
				DEBUG_INFORMATION_FORMAT = dwarf;
				ENABLE_STRICT_OBJC_MSGSEND = YES;
				ENABLE_TESTABILITY = YES;
				GCC_C_LANGUAGE_STANDARD = gnu11;
				GCC_DYNAMIC_NO_PIC = NO;
				GCC_NO_COMMON_BLOCKS = YES;
				GCC_OPTIMIZATION_LEVEL = 0;
				GCC_PREPROCESSOR_DEFINITIONS = (
					"DEBUG=1",
					"$(inherited)",
				);
				GCC_WARN_64_TO_32_BIT_CONVERSION = YES;
				GCC_WARN_ABOUT_RETURN_TYPE = YES_ERROR;
				GCC_WARN_UNDECLARED_SELECTOR = YES;
				GCC_WARN_UNINITIALIZED_AUTOS = YES_AGGRESSIVE;
				GCC_WARN_UNUSED_FUNCTION = YES;
				GCC_WARN_UNUSED_VARIABLE = YES;
				IPHONEOS_DEPLOYMENT_TARGET = 16.2;
				MTL_ENABLE_DEBUG_INFO = INCLUDE_SOURCE;
				MTL_FAST_MATH = YES;
				ONLY_ACTIVE_ARCH = YES;
				SDKROOT = iphoneos;
				SWIFT_ACTIVE_COMPILATION_CONDITIONS = DEBUG;
				SWIFT_OPTIMIZATION_LEVEL = "-Onone";
			};
			name = Debug;
		};
		09EE76122A317EA00048DA5A /* Release */ = {
			isa = XCBuildConfiguration;
			buildSettings = {
				ALWAYS_SEARCH_USER_PATHS = NO;
				CLANG_ANALYZER_NONNULL = YES;
				CLANG_ANALYZER_NUMBER_OBJECT_CONVERSION = YES_AGGRESSIVE;
				CLANG_CXX_LANGUAGE_STANDARD = "gnu++20";
				CLANG_ENABLE_MODULES = YES;
				CLANG_ENABLE_OBJC_ARC = YES;
				CLANG_ENABLE_OBJC_WEAK = YES;
				CLANG_WARN_BLOCK_CAPTURE_AUTORELEASING = YES;
				CLANG_WARN_BOOL_CONVERSION = YES;
				CLANG_WARN_COMMA = YES;
				CLANG_WARN_CONSTANT_CONVERSION = YES;
				CLANG_WARN_DEPRECATED_OBJC_IMPLEMENTATIONS = YES;
				CLANG_WARN_DIRECT_OBJC_ISA_USAGE = YES_ERROR;
				CLANG_WARN_DOCUMENTATION_COMMENTS = YES;
				CLANG_WARN_EMPTY_BODY = YES;
				CLANG_WARN_ENUM_CONVERSION = YES;
				CLANG_WARN_INFINITE_RECURSION = YES;
				CLANG_WARN_INT_CONVERSION = YES;
				CLANG_WARN_NON_LITERAL_NULL_CONVERSION = YES;
				CLANG_WARN_OBJC_IMPLICIT_RETAIN_SELF = YES;
				CLANG_WARN_OBJC_LITERAL_CONVERSION = YES;
				CLANG_WARN_OBJC_ROOT_CLASS = YES_ERROR;
				CLANG_WARN_QUOTED_INCLUDE_IN_FRAMEWORK_HEADER = YES;
				CLANG_WARN_RANGE_LOOP_ANALYSIS = YES;
				CLANG_WARN_STRICT_PROTOTYPES = YES;
				CLANG_WARN_SUSPICIOUS_MOVE = YES;
				CLANG_WARN_UNGUARDED_AVAILABILITY = YES_AGGRESSIVE;
				CLANG_WARN_UNREACHABLE_CODE = YES;
				CLANG_WARN__DUPLICATE_METHOD_MATCH = YES;
				COPY_PHASE_STRIP = NO;
				DEBUG_INFORMATION_FORMAT = "dwarf-with-dsym";
				ENABLE_NS_ASSERTIONS = NO;
				ENABLE_STRICT_OBJC_MSGSEND = YES;
				GCC_C_LANGUAGE_STANDARD = gnu11;
				GCC_NO_COMMON_BLOCKS = YES;
				GCC_WARN_64_TO_32_BIT_CONVERSION = YES;
				GCC_WARN_ABOUT_RETURN_TYPE = YES_ERROR;
				GCC_WARN_UNDECLARED_SELECTOR = YES;
				GCC_WARN_UNINITIALIZED_AUTOS = YES_AGGRESSIVE;
				GCC_WARN_UNUSED_FUNCTION = YES;
				GCC_WARN_UNUSED_VARIABLE = YES;
				IPHONEOS_DEPLOYMENT_TARGET = 16.2;
				MTL_ENABLE_DEBUG_INFO = NO;
				MTL_FAST_MATH = YES;
				SDKROOT = iphoneos;
				SWIFT_COMPILATION_MODE = wholemodule;
				SWIFT_OPTIMIZATION_LEVEL = "-O";
				VALIDATE_PRODUCT = YES;
			};
			name = Release;
		};
		09EE76142A317EA00048DA5A /* Debug */ = {
			isa = XCBuildConfiguration;
			baseConfigurationReference = 0D9092112D817EEC4310E3D0 /* Pods-ToDoList.debug.xcconfig */;
			buildSettings = {
				ASSETCATALOG_COMPILER_APPICON_NAME = AppIcon;
				ASSETCATALOG_COMPILER_GLOBAL_ACCENT_COLOR_NAME = AccentColor;
				CODE_SIGN_STYLE = Automatic;
				CURRENT_PROJECT_VERSION = 1;
				DEVELOPMENT_TEAM = 3TK89P9NL4;
				GENERATE_INFOPLIST_FILE = YES;
				INFOPLIST_FILE = ToDoList/Info.plist;
				INFOPLIST_KEY_UIApplicationSupportsIndirectInputEvents = YES;
				INFOPLIST_KEY_UILaunchStoryboardName = LaunchScreen;
				INFOPLIST_KEY_UIMainStoryboardFile = "";
				INFOPLIST_KEY_UISupportedInterfaceOrientations_iPad = "UIInterfaceOrientationPortrait UIInterfaceOrientationPortraitUpsideDown UIInterfaceOrientationLandscapeLeft UIInterfaceOrientationLandscapeRight";
				INFOPLIST_KEY_UISupportedInterfaceOrientations_iPhone = "UIInterfaceOrientationPortrait UIInterfaceOrientationLandscapeLeft UIInterfaceOrientationLandscapeRight";
				LD_RUNPATH_SEARCH_PATHS = (
					"$(inherited)",
					"@executable_path/Frameworks",
				);
				MARKETING_VERSION = 1.0;
				PRODUCT_BUNDLE_IDENTIFIER = HalykBank.ToDoList;
				PRODUCT_NAME = "$(TARGET_NAME)";
				SWIFT_EMIT_LOC_STRINGS = YES;
				SWIFT_VERSION = 5.0;
				TARGETED_DEVICE_FAMILY = "1,2";
			};
			name = Debug;
		};
		09EE76152A317EA00048DA5A /* Release */ = {
			isa = XCBuildConfiguration;
			baseConfigurationReference = AC45FD85AF999704D4DEE03D /* Pods-ToDoList.release.xcconfig */;
			buildSettings = {
				ASSETCATALOG_COMPILER_APPICON_NAME = AppIcon;
				ASSETCATALOG_COMPILER_GLOBAL_ACCENT_COLOR_NAME = AccentColor;
				CODE_SIGN_STYLE = Automatic;
				CURRENT_PROJECT_VERSION = 1;
				DEVELOPMENT_TEAM = 3TK89P9NL4;
				GENERATE_INFOPLIST_FILE = YES;
				INFOPLIST_FILE = ToDoList/Info.plist;
				INFOPLIST_KEY_UIApplicationSupportsIndirectInputEvents = YES;
				INFOPLIST_KEY_UILaunchStoryboardName = LaunchScreen;
				INFOPLIST_KEY_UIMainStoryboardFile = "";
				INFOPLIST_KEY_UISupportedInterfaceOrientations_iPad = "UIInterfaceOrientationPortrait UIInterfaceOrientationPortraitUpsideDown UIInterfaceOrientationLandscapeLeft UIInterfaceOrientationLandscapeRight";
				INFOPLIST_KEY_UISupportedInterfaceOrientations_iPhone = "UIInterfaceOrientationPortrait UIInterfaceOrientationLandscapeLeft UIInterfaceOrientationLandscapeRight";
				LD_RUNPATH_SEARCH_PATHS = (
					"$(inherited)",
					"@executable_path/Frameworks",
				);
				MARKETING_VERSION = 1.0;
				PRODUCT_BUNDLE_IDENTIFIER = HalykBank.ToDoList;
				PRODUCT_NAME = "$(TARGET_NAME)";
				SWIFT_EMIT_LOC_STRINGS = YES;
				SWIFT_VERSION = 5.0;
				TARGETED_DEVICE_FAMILY = "1,2";
			};
			name = Release;
		};
		09EE76172A317EA00048DA5A /* Debug */ = {
			isa = XCBuildConfiguration;
			buildSettings = {
				ALWAYS_EMBED_SWIFT_STANDARD_LIBRARIES = YES;
				BUNDLE_LOADER = "$(TEST_HOST)";
				CODE_SIGN_STYLE = Automatic;
				CURRENT_PROJECT_VERSION = 1;
				DEVELOPMENT_TEAM = 3TK89P9NL4;
				GENERATE_INFOPLIST_FILE = YES;
				IPHONEOS_DEPLOYMENT_TARGET = 16.2;
				MARKETING_VERSION = 1.0;
				PRODUCT_BUNDLE_IDENTIFIER = HalykBank.ToDoListTests;
				PRODUCT_NAME = "$(TARGET_NAME)";
				SWIFT_EMIT_LOC_STRINGS = NO;
				SWIFT_VERSION = 5.0;
				TARGETED_DEVICE_FAMILY = "1,2";
				TEST_HOST = "$(BUILT_PRODUCTS_DIR)/ToDoList.app/$(BUNDLE_EXECUTABLE_FOLDER_PATH)/ToDoList";
			};
			name = Debug;
		};
		09EE76182A317EA00048DA5A /* Release */ = {
			isa = XCBuildConfiguration;
			buildSettings = {
				ALWAYS_EMBED_SWIFT_STANDARD_LIBRARIES = YES;
				BUNDLE_LOADER = "$(TEST_HOST)";
				CODE_SIGN_STYLE = Automatic;
				CURRENT_PROJECT_VERSION = 1;
				DEVELOPMENT_TEAM = 3TK89P9NL4;
				GENERATE_INFOPLIST_FILE = YES;
				IPHONEOS_DEPLOYMENT_TARGET = 16.2;
				MARKETING_VERSION = 1.0;
				PRODUCT_BUNDLE_IDENTIFIER = HalykBank.ToDoListTests;
				PRODUCT_NAME = "$(TARGET_NAME)";
				SWIFT_EMIT_LOC_STRINGS = NO;
				SWIFT_VERSION = 5.0;
				TARGETED_DEVICE_FAMILY = "1,2";
				TEST_HOST = "$(BUILT_PRODUCTS_DIR)/ToDoList.app/$(BUNDLE_EXECUTABLE_FOLDER_PATH)/ToDoList";
			};
			name = Release;
		};
		09EE761A2A317EA00048DA5A /* Debug */ = {
			isa = XCBuildConfiguration;
			buildSettings = {
				ALWAYS_EMBED_SWIFT_STANDARD_LIBRARIES = YES;
				CODE_SIGN_STYLE = Automatic;
				CURRENT_PROJECT_VERSION = 1;
				DEVELOPMENT_TEAM = 3TK89P9NL4;
				GENERATE_INFOPLIST_FILE = YES;
				MARKETING_VERSION = 1.0;
				PRODUCT_BUNDLE_IDENTIFIER = HalykBank.ToDoListUITests;
				PRODUCT_NAME = "$(TARGET_NAME)";
				SWIFT_EMIT_LOC_STRINGS = NO;
				SWIFT_VERSION = 5.0;
				TARGETED_DEVICE_FAMILY = "1,2";
				TEST_TARGET_NAME = ToDoList;
			};
			name = Debug;
		};
		09EE761B2A317EA00048DA5A /* Release */ = {
			isa = XCBuildConfiguration;
			buildSettings = {
				ALWAYS_EMBED_SWIFT_STANDARD_LIBRARIES = YES;
				CODE_SIGN_STYLE = Automatic;
				CURRENT_PROJECT_VERSION = 1;
				DEVELOPMENT_TEAM = 3TK89P9NL4;
				GENERATE_INFOPLIST_FILE = YES;
				MARKETING_VERSION = 1.0;
				PRODUCT_BUNDLE_IDENTIFIER = HalykBank.ToDoListUITests;
				PRODUCT_NAME = "$(TARGET_NAME)";
				SWIFT_EMIT_LOC_STRINGS = NO;
				SWIFT_VERSION = 5.0;
				TARGETED_DEVICE_FAMILY = "1,2";
				TEST_TARGET_NAME = ToDoList;
			};
			name = Release;
		};
/* End XCBuildConfiguration section */

/* Begin XCConfigurationList section */
		09EE75E12A317E9F0048DA5A /* Build configuration list for PBXProject "ToDoList" */ = {
			isa = XCConfigurationList;
			buildConfigurations = (
				09EE76112A317EA00048DA5A /* Debug */,
				09EE76122A317EA00048DA5A /* Release */,
			);
			defaultConfigurationIsVisible = 0;
			defaultConfigurationName = Release;
		};
		09EE76132A317EA00048DA5A /* Build configuration list for PBXNativeTarget "ToDoList" */ = {
			isa = XCConfigurationList;
			buildConfigurations = (
				09EE76142A317EA00048DA5A /* Debug */,
				09EE76152A317EA00048DA5A /* Release */,
			);
			defaultConfigurationIsVisible = 0;
			defaultConfigurationName = Release;
		};
		09EE76162A317EA00048DA5A /* Build configuration list for PBXNativeTarget "ToDoListTests" */ = {
			isa = XCConfigurationList;
			buildConfigurations = (
				09EE76172A317EA00048DA5A /* Debug */,
				09EE76182A317EA00048DA5A /* Release */,
			);
			defaultConfigurationIsVisible = 0;
			defaultConfigurationName = Release;
		};
		09EE76192A317EA00048DA5A /* Build configuration list for PBXNativeTarget "ToDoListUITests" */ = {
			isa = XCConfigurationList;
			buildConfigurations = (
				09EE761A2A317EA00048DA5A /* Debug */,
				09EE761B2A317EA00048DA5A /* Release */,
			);
			defaultConfigurationIsVisible = 0;
			defaultConfigurationName = Release;
		};
/* End XCConfigurationList section */

/* Begin XCVersionGroup section */
		09EE75F22A317E9F0048DA5A /* ToDoList.xcdatamodeld */ = {
			isa = XCVersionGroup;
			children = (
				09EE75F32A317E9F0048DA5A /* ToDoList.xcdatamodel */,
			);
			currentVersion = 09EE75F32A317E9F0048DA5A /* ToDoList.xcdatamodel */;
			path = ToDoList.xcdatamodeld;
			sourceTree = "<group>";
			versionGroupType = wrapper.xcdatamodel;
		};
/* End XCVersionGroup section */
	};
	rootObject = 09EE75DE2A317E9F0048DA5A /* Project object */;
}
